
Microsoft Visual Studio Solution File, Format Version 12.00
# Visual Studio Version 17
VisualStudioVersion = 17.5.33424.131
MinimumVisualStudioVersion = 10.0.40219.1
Project("{FAE04EC0-301F-11D3-BF4B-00C04F79EFBC}") = "ManzanoExerciciosCSharp", "ManzanoExerciciosCSharp.csproj", "{A4095609-A368-4AF0-A663-3F0D85E8804B}"
EndProject
Global
	GlobalSection(SolutionConfigurationPlatforms) = preSolution
		Debug|Any CPU = Debug|Any CPU
		Release|Any CPU = Release|Any CPU
	EndGlobalSection
	GlobalSection(ProjectConfigurationPlatforms) = postSolution
		{A4095609-A368-4AF0-A663-3F0D85E8804B}.Debug|Any CPU.ActiveCfg = Debug|Any CPU
		{A4095609-A368-4AF0-A663-3F0D85E8804B}.Debug|Any CPU.Build.0 = Debug|Any CPU
		{A4095609-A368-4AF0-A663-3F0D85E8804B}.Release|Any CPU.ActiveCfg = Release|Any CPU
		{A4095609-A368-4AF0-A663-3F0D85E8804B}.Release|Any CPU.Build.0 = Release|Any CPU
	EndGlobalSection
	GlobalSection(SolutionProperties) = preSolution
		HideSolutionNode = FALSE
	EndGlobalSection
	GlobalSection(ExtensibilityGlobals) = postSolution
		SolutionGuid = {1A771F4F-B165-4867-8A34-D4F0AEA5F9E1}
	EndGlobalSection
EndGlobal
